
Microsoft Visual Studio Solution File, Format Version 12.00
# Visual Studio Version 17
VisualStudioVersion = 17.5.002.0
MinimumVisualStudioVersion = 10.0.40219.1
Project("{9A19103F-16F7-4668-BE54-9A1E7A4F7556}") = "api", "api\api.csproj", "{2CB2C967-43DB-4574-AA4A-B9016E1F2956}"
EndProject
Project("{9A19103F-16F7-4668-BE54-9A1E7A4F7556}") = "data-access", "data-access\data-access.csproj", "{DFA58805-883F-4F53-8BF4-E5B2D75D2751}"
EndProject
Global
	GlobalSection(SolutionConfigurationPlatforms) = preSolution
		Debug|Any CPU = Debug|Any CPU
		Release|Any CPU = Release|Any CPU
	EndGlobalSection
	GlobalSection(ProjectConfigurationPlatforms) = postSolution
		{2CB2C967-43DB-4574-AA4A-B9016E1F2956}.Debug|Any CPU.ActiveCfg = Debug|Any CPU
		{2CB2C967-43DB-4574-AA4A-B9016E1F2956}.Debug|Any CPU.Build.0 = Debug|Any CPU
		{2CB2C967-43DB-4574-AA4A-B9016E1F2956}.Release|Any CPU.ActiveCfg = Release|Any CPU
		{2CB2C967-43DB-4574-AA4A-B9016E1F2956}.Release|Any CPU.Build.0 = Release|Any CPU
		{DFA58805-883F-4F53-8BF4-E5B2D75D2751}.Debug|Any CPU.ActiveCfg = Debug|Any CPU
		{DFA58805-883F-4F53-8BF4-E5B2D75D2751}.Debug|Any CPU.Build.0 = Debug|Any CPU
		{DFA58805-883F-4F53-8BF4-E5B2D75D2751}.Release|Any CPU.ActiveCfg = Release|Any CPU
		{DFA58805-883F-4F53-8BF4-E5B2D75D2751}.Release|Any CPU.Build.0 = Release|Any CPU
	EndGlobalSection
	GlobalSection(SolutionProperties) = preSolution
		HideSolutionNode = FALSE
	EndGlobalSection
	GlobalSection(ExtensibilityGlobals) = postSolution
		SolutionGuid = {DD3270B0-AD15-41C7-8046-C17BF1CCDB00}
	EndGlobalSection
EndGlobal
